# this file is automatically generated; do not edit by hand.

[deps.mach-std]
url = "https://github.com/octalide/mach-std"
ref = "branch/main"
commit = "2e95444191a98e8dd6419faeaff1a6fc23515d3a"

[deps.mach-glfw]
url = "https://github.com/octalide/mach-glfw"
ref = "branch/main"
commit = "20c92cab0f1912ffaad54a220d30cd59fc2685f7"

[deps.mach-gl]
url = "https://github.com/octalide/mach-gl"
ref = "branch/main"
commit = "1950927e528c8b0fb4d0131dace44fc61912fe51"

[deps.blit]
url = "https://github.com/octalide/blit"
ref = "branch/main"
commit = "0f00a821b281341b23d15b844af874aaae30740b"
