# this file is automatically generated; do not edit by hand.

[deps.mach-std]
url = "https://github.com/octalide/mach-std"
ref = "branch/main"
commit = "39d188b6830af57497ae9e82c42066fb121fcf0d"

[deps.mach-glfw]
url = "https://github.com/octalide/mach-glfw"
ref = "branch/main"
commit = "564f4bac2198b22f3c37116f27dffc722a5ef18b"

[deps.mach-gl]
url = "https://github.com/octalide/mach-gl"
ref = "branch/main"
commit = "617d9fd0d391c545b0842bd0cd293a53dee601c1"

[deps.blit]
url = "https://github.com/octalide/blit"
ref = "branch/main"
commit = "b9c8b0c19ecf47a14dad9854f466e20c7570f845"
